
Microsoft Visual Studio Solution File, Format Version 12.00
# Visual Studio Version 17
VisualStudioVersion = 17.4.33213.308
MinimumVisualStudioVersion = 10.0.40219.1
Project("{FAE04EC0-301F-11D3-BF4B-00C04F79EFBC}") = "Client", "Client\Client.csproj", "{BF6E945D-4E3E-46D8-A680-7A9D0CDC78DB}"
EndProject
Global
	GlobalSection(SolutionConfigurationPlatforms) = preSolution
		Debug|Any CPU = Debug|Any CPU
		Release|Any CPU = Release|Any CPU
	EndGlobalSection
	GlobalSection(ProjectConfigurationPlatforms) = postSolution
		{BF6E945D-4E3E-46D8-A680-7A9D0CDC78DB}.Debug|Any CPU.ActiveCfg = Debug|Any CPU
		{BF6E945D-4E3E-46D8-A680-7A9D0CDC78DB}.Debug|Any CPU.Build.0 = Debug|Any CPU
		{BF6E945D-4E3E-46D8-A680-7A9D0CDC78DB}.Release|Any CPU.ActiveCfg = Release|Any CPU
		{BF6E945D-4E3E-46D8-A680-7A9D0CDC78DB}.Release|Any CPU.Build.0 = Release|Any CPU
	EndGlobalSection
	GlobalSection(SolutionProperties) = preSolution
		HideSolutionNode = FALSE
	EndGlobalSection
	GlobalSection(ExtensibilityGlobals) = postSolution
		SolutionGuid = {96F8CAE6-5E5D-4B2A-AB95-03CDE7E03624}
	EndGlobalSection
EndGlobal
