
Microsoft Visual Studio Solution File, Format Version 12.00
# Visual Studio Version 17
VisualStudioVersion = 17.4.33213.308
MinimumVisualStudioVersion = 10.0.40219.1
Project("{FAE04EC0-301F-11D3-BF4B-00C04F79EFBC}") = "Server", "Server\Server.csproj", "{9DB4A531-6699-46A6-A80D-B2B559F1DCA4}"
EndProject
Global
	GlobalSection(SolutionConfigurationPlatforms) = preSolution
		Debug|Any CPU = Debug|Any CPU
		Release|Any CPU = Release|Any CPU
	EndGlobalSection
	GlobalSection(ProjectConfigurationPlatforms) = postSolution
		{9DB4A531-6699-46A6-A80D-B2B559F1DCA4}.Debug|Any CPU.ActiveCfg = Debug|Any CPU
		{9DB4A531-6699-46A6-A80D-B2B559F1DCA4}.Debug|Any CPU.Build.0 = Debug|Any CPU
		{9DB4A531-6699-46A6-A80D-B2B559F1DCA4}.Release|Any CPU.ActiveCfg = Release|Any CPU
		{9DB4A531-6699-46A6-A80D-B2B559F1DCA4}.Release|Any CPU.Build.0 = Release|Any CPU
	EndGlobalSection
	GlobalSection(SolutionProperties) = preSolution
		HideSolutionNode = FALSE
	EndGlobalSection
	GlobalSection(ExtensibilityGlobals) = postSolution
		SolutionGuid = {4FBB20BB-4C42-4B78-AE64-75170DBD88D4}
	EndGlobalSection
EndGlobal
